
Microsoft Visual Studio Solution File, Format Version 12.00
# Visual Studio Version 17
VisualStudioVersion = 17.4.33213.308
MinimumVisualStudioVersion = 10.0.40219.1
Project("{FAE04EC0-301F-11D3-BF4B-00C04F79EFBC}") = "Planetario", "Planetario\Planetario.csproj", "{AD0C38E8-629E-448B-A141-2DF58D6D9740}"
EndProject
Global
	GlobalSection(SolutionConfigurationPlatforms) = preSolution
		Debug|Any CPU = Debug|Any CPU
		Release|Any CPU = Release|Any CPU
	EndGlobalSection
	GlobalSection(ProjectConfigurationPlatforms) = postSolution
		{AD0C38E8-629E-448B-A141-2DF58D6D9740}.Debug|Any CPU.ActiveCfg = Debug|Any CPU
		{AD0C38E8-629E-448B-A141-2DF58D6D9740}.Debug|Any CPU.Build.0 = Debug|Any CPU
		{AD0C38E8-629E-448B-A141-2DF58D6D9740}.Release|Any CPU.ActiveCfg = Release|Any CPU
		{AD0C38E8-629E-448B-A141-2DF58D6D9740}.Release|Any CPU.Build.0 = Release|Any CPU
	EndGlobalSection
	GlobalSection(SolutionProperties) = preSolution
		HideSolutionNode = FALSE
	EndGlobalSection
	GlobalSection(ExtensibilityGlobals) = postSolution
		SolutionGuid = {E25BBB8B-07B1-42BC-B2DD-19EC25B3A087}
	EndGlobalSection
EndGlobal
